// !$*UTF8*$!
{
	archiveVersion = 1;
	classes = {
	};
	objectVersion = 56;
	objects = {

/* Begin PBXBuildFile section */
		666F49E42CAEDF7C00D2469F /* Swiftly.swift in Sources */ = {isa = PBXBuildFile; fileRef = 666F49E32CAEDF7C00D2469F /* Swiftly.swift */; };
		66F6D3612CBA99D8001EC6BC /* CGFloat+Screen.swift in Sources */ = {isa = PBXBuildFile; fileRef = 66F6D3602CBA99D8001EC6BC /* CGFloat+Screen.swift */; };
		66F6D3632CBA9B57001EC6BC /* CGColor+UIColor.swift in Sources */ = {isa = PBXBuildFile; fileRef = 66F6D3622CBA9B57001EC6BC /* CGColor+UIColor.swift */; };
		66F6D3A22CBA9DD9001EC6BC /* Int+.swift in Sources */ = {isa = PBXBuildFile; fileRef = 66F6D3A12CBA9DD9001EC6BC /* Int+.swift */; };
		66F6D3A42CBA9DDC001EC6BC /* Float+.swift in Sources */ = {isa = PBXBuildFile; fileRef = 66F6D3A32CBA9DDC001EC6BC /* Float+.swift */; };
		66F6D3A62CBA9DE3001EC6BC /* Array+.swift in Sources */ = {isa = PBXBuildFile; fileRef = 66F6D3A52CBA9DE3001EC6BC /* Array+.swift */; };
		66F6D3A82CBA9DE8001EC6BC /* Array+Equtable.swift in Sources */ = {isa = PBXBuildFile; fileRef = 66F6D3A72CBA9DE8001EC6BC /* Array+Equtable.swift */; };
		66F6D3AA2CBA9E12001EC6BC /* Double+.swift in Sources */ = {isa = PBXBuildFile; fileRef = 66F6D3A92CBA9E12001EC6BC /* Double+.swift */; };
		66F6D3AC2CBA9E2F001EC6BC /* Bool+.swift in Sources */ = {isa = PBXBuildFile; fileRef = 66F6D3AB2CBA9E2F001EC6BC /* Bool+.swift */; };
		66F6D3AE2CBA9F19001EC6BC /* String+.swift in Sources */ = {isa = PBXBuildFile; fileRef = 66F6D3AD2CBA9F19001EC6BC /* String+.swift */; };
		66F6D3B22CBB99F0001EC6BC /* String+UIImage.swift in Sources */ = {isa = PBXBuildFile; fileRef = 66F6D3B12CBB99F0001EC6BC /* String+UIImage.swift */; };
		66F6D3B42CBB9A63001EC6BC /* DateFormat.swift in Sources */ = {isa = PBXBuildFile; fileRef = 66F6D3B32CBB9A63001EC6BC /* DateFormat.swift */; };
		66F6D3B62CBB9B7F001EC6BC /* TimeZone.swift in Sources */ = {isa = PBXBuildFile; fileRef = 66F6D3B52CBB9B7F001EC6BC /* TimeZone.swift */; };
		66F6D3B82CBB9C25001EC6BC /* Locale.swift in Sources */ = {isa = PBXBuildFile; fileRef = 66F6D3B72CBB9C25001EC6BC /* Locale.swift */; };
		66F6D3BA2CBB9C84001EC6BC /* TimeInterval+.swift in Sources */ = {isa = PBXBuildFile; fileRef = 66F6D3B92CBB9C84001EC6BC /* TimeInterval+.swift */; };
/* End PBXBuildFile section */

/* Begin PBXCopyFilesBuildPhase section */
		666F49DE2CAEDF7C00D2469F /* CopyFiles */ = {
			isa = PBXCopyFilesBuildPhase;
			buildActionMask = 2147483647;
			dstPath = "include/$(PRODUCT_NAME)";
			dstSubfolderSpec = 16;
			files = (
			);
			runOnlyForDeploymentPostprocessing = 0;
		};
/* End PBXCopyFilesBuildPhase section */

/* Begin PBXFileReference section */
		666F49E02CAEDF7C00D2469F /* libSwiftly.a */ = {isa = PBXFileReference; explicitFileType = archive.ar; includeInIndex = 0; path = libSwiftly.a; sourceTree = BUILT_PRODUCTS_DIR; };
		666F49E32CAEDF7C00D2469F /* Swiftly.swift */ = {isa = PBXFileReference; lastKnownFileType = sourcecode.swift; path = Swiftly.swift; sourceTree = "<group>"; };
		66F6D3602CBA99D8001EC6BC /* CGFloat+Screen.swift */ = {isa = PBXFileReference; lastKnownFileType = sourcecode.swift; path = "CGFloat+Screen.swift"; sourceTree = "<group>"; };
		66F6D3622CBA9B57001EC6BC /* CGColor+UIColor.swift */ = {isa = PBXFileReference; lastKnownFileType = sourcecode.swift; path = "CGColor+UIColor.swift"; sourceTree = "<group>"; };
		66F6D3A12CBA9DD9001EC6BC /* Int+.swift */ = {isa = PBXFileReference; lastKnownFileType = sourcecode.swift; path = "Int+.swift"; sourceTree = "<group>"; };
		66F6D3A32CBA9DDC001EC6BC /* Float+.swift */ = {isa = PBXFileReference; lastKnownFileType = sourcecode.swift; path = "Float+.swift"; sourceTree = "<group>"; };
		66F6D3A52CBA9DE3001EC6BC /* Array+.swift */ = {isa = PBXFileReference; lastKnownFileType = sourcecode.swift; path = "Array+.swift"; sourceTree = "<group>"; };
		66F6D3A72CBA9DE8001EC6BC /* Array+Equtable.swift */ = {isa = PBXFileReference; lastKnownFileType = sourcecode.swift; path = "Array+Equtable.swift"; sourceTree = "<group>"; };
		66F6D3A92CBA9E12001EC6BC /* Double+.swift */ = {isa = PBXFileReference; lastKnownFileType = sourcecode.swift; path = "Double+.swift"; sourceTree = "<group>"; };
		66F6D3AB2CBA9E2F001EC6BC /* Bool+.swift */ = {isa = PBXFileReference; lastKnownFileType = sourcecode.swift; path = "Bool+.swift"; sourceTree = "<group>"; };
		66F6D3AD2CBA9F19001EC6BC /* String+.swift */ = {isa = PBXFileReference; lastKnownFileType = sourcecode.swift; path = "String+.swift"; sourceTree = "<group>"; };
		66F6D3B12CBB99F0001EC6BC /* String+UIImage.swift */ = {isa = PBXFileReference; lastKnownFileType = sourcecode.swift; path = "String+UIImage.swift"; sourceTree = "<group>"; };
		66F6D3B32CBB9A63001EC6BC /* DateFormat.swift */ = {isa = PBXFileReference; lastKnownFileType = sourcecode.swift; path = DateFormat.swift; sourceTree = "<group>"; };
		66F6D3B52CBB9B7F001EC6BC /* TimeZone.swift */ = {isa = PBXFileReference; lastKnownFileType = sourcecode.swift; path = TimeZone.swift; sourceTree = "<group>"; };
		66F6D3B72CBB9C25001EC6BC /* Locale.swift */ = {isa = PBXFileReference; lastKnownFileType = sourcecode.swift; path = Locale.swift; sourceTree = "<group>"; };
		66F6D3B92CBB9C84001EC6BC /* TimeInterval+.swift */ = {isa = PBXFileReference; lastKnownFileType = sourcecode.swift; path = "TimeInterval+.swift"; sourceTree = "<group>"; };
/* End PBXFileReference section */

/* Begin PBXFrameworksBuildPhase section */
		666F49DD2CAEDF7C00D2469F /* Frameworks */ = {
			isa = PBXFrameworksBuildPhase;
			buildActionMask = 2147483647;
			files = (
			);
			runOnlyForDeploymentPostprocessing = 0;
		};
/* End PBXFrameworksBuildPhase section */

/* Begin PBXGroup section */
		666F49D72CAEDF7C00D2469F = {
			isa = PBXGroup;
			children = (
				666F49E22CAEDF7C00D2469F /* Swiftly */,
				666F49E12CAEDF7C00D2469F /* Products */,
			);
			sourceTree = "<group>";
		};
		666F49E12CAEDF7C00D2469F /* Products */ = {
			isa = PBXGroup;
			children = (
				666F49E02CAEDF7C00D2469F /* libSwiftly.a */,
			);
			name = Products;
			sourceTree = "<group>";
		};
		666F49E22CAEDF7C00D2469F /* Swiftly */ = {
			isa = PBXGroup;
			children = (
				666F49E32CAEDF7C00D2469F /* Swiftly.swift */,
				66F6D3B02CBA9F2D001EC6BC /* Foundation */,
				66F6D3AF2CBA9F28001EC6BC /* UIKit */,
				66F6D3B32CBB9A63001EC6BC /* DateFormat.swift */,
				66F6D3B52CBB9B7F001EC6BC /* TimeZone.swift */,
				66F6D3B72CBB9C25001EC6BC /* Locale.swift */,
			);
			path = Swiftly;
			sourceTree = "<group>";
		};
		66F6D3AF2CBA9F28001EC6BC /* UIKit */ = {
			isa = PBXGroup;
			children = (
				66F6D3602CBA99D8001EC6BC /* CGFloat+Screen.swift */,
				66F6D3622CBA9B57001EC6BC /* CGColor+UIColor.swift */,
				66F6D3B12CBB99F0001EC6BC /* String+UIImage.swift */,
			);
			path = UIKit;
			sourceTree = "<group>";
		};
		66F6D3B02CBA9F2D001EC6BC /* Foundation */ = {
			isa = PBXGroup;
			children = (
				66F6D3AB2CBA9E2F001EC6BC /* Bool+.swift */,
				66F6D3A12CBA9DD9001EC6BC /* Int+.swift */,
				66F6D3A32CBA9DDC001EC6BC /* Float+.swift */,
				66F6D3A92CBA9E12001EC6BC /* Double+.swift */,
				66F6D3A52CBA9DE3001EC6BC /* Array+.swift */,
				66F6D3A72CBA9DE8001EC6BC /* Array+Equtable.swift */,
				66F6D3AD2CBA9F19001EC6BC /* String+.swift */,
				66F6D3B92CBB9C84001EC6BC /* TimeInterval+.swift */,
			);
			path = Foundation;
			sourceTree = "<group>";
		};
/* End PBXGroup section */

/* Begin PBXNativeTarget section */
		666F49DF2CAEDF7C00D2469F /* Swiftly */ = {
			isa = PBXNativeTarget;
			buildConfigurationList = 666F49E72CAEDF7C00D2469F /* Build configuration list for PBXNativeTarget "Swiftly" */;
			buildPhases = (
				666F49DC2CAEDF7C00D2469F /* Sources */,
				666F49DD2CAEDF7C00D2469F /* Frameworks */,
				666F49DE2CAEDF7C00D2469F /* CopyFiles */,
			);
			buildRules = (
			);
			dependencies = (
			);
			name = Swiftly;
			productName = Swiftly;
			productReference = 666F49E02CAEDF7C00D2469F /* libSwiftly.a */;
			productType = "com.apple.product-type.library.static";
		};
/* End PBXNativeTarget section */

/* Begin PBXProject section */
		666F49D82CAEDF7C00D2469F /* Project object */ = {
			isa = PBXProject;
			attributes = {
				BuildIndependentTargetsInParallel = 1;
				LastSwiftUpdateCheck = 1540;
				LastUpgradeCheck = 1540;
				TargetAttributes = {
					666F49DF2CAEDF7C00D2469F = {
						CreatedOnToolsVersion = 15.4;
					};
				};
			};
			buildConfigurationList = 666F49DB2CAEDF7C00D2469F /* Build configuration list for PBXProject "Swiftly" */;
			compatibilityVersion = "Xcode 14.0";
			developmentRegion = en;
			hasScannedForEncodings = 0;
			knownRegions = (
				en,
				Base,
			);
			mainGroup = 666F49D72CAEDF7C00D2469F;
			productRefGroup = 666F49E12CAEDF7C00D2469F /* Products */;
			projectDirPath = "";
			projectRoot = "";
			targets = (
				666F49DF2CAEDF7C00D2469F /* Swiftly */,
			);
		};
/* End PBXProject section */

/* Begin PBXSourcesBuildPhase section */
		666F49DC2CAEDF7C00D2469F /* Sources */ = {
			isa = PBXSourcesBuildPhase;
			buildActionMask = 2147483647;
			files = (
				66F6D3632CBA9B57001EC6BC /* CGColor+UIColor.swift in Sources */,
				66F6D3B82CBB9C25001EC6BC /* Locale.swift in Sources */,
				66F6D3A62CBA9DE3001EC6BC /* Array+.swift in Sources */,
				66F6D3B42CBB9A63001EC6BC /* DateFormat.swift in Sources */,
				66F6D3AE2CBA9F19001EC6BC /* String+.swift in Sources */,
				66F6D3AC2CBA9E2F001EC6BC /* Bool+.swift in Sources */,
				66F6D3BA2CBB9C84001EC6BC /* TimeInterval+.swift in Sources */,
				66F6D3A42CBA9DDC001EC6BC /* Float+.swift in Sources */,
				66F6D3612CBA99D8001EC6BC /* CGFloat+Screen.swift in Sources */,
				666F49E42CAEDF7C00D2469F /* Swiftly.swift in Sources */,
				66F6D3A82CBA9DE8001EC6BC /* Array+Equtable.swift in Sources */,
				66F6D3AA2CBA9E12001EC6BC /* Double+.swift in Sources */,
				66F6D3A22CBA9DD9001EC6BC /* Int+.swift in Sources */,
				66F6D3B22CBB99F0001EC6BC /* String+UIImage.swift in Sources */,
				66F6D3B62CBB9B7F001EC6BC /* TimeZone.swift in Sources */,
			);
			runOnlyForDeploymentPostprocessing = 0;
		};
/* End PBXSourcesBuildPhase section */

/* Begin XCBuildConfiguration section */
		666F49E52CAEDF7C00D2469F /* Debug */ = {
			isa = XCBuildConfiguration;
			buildSettings = {
				ALWAYS_SEARCH_USER_PATHS = NO;
				ASSETCATALOG_COMPILER_GENERATE_SWIFT_ASSET_SYMBOL_EXTENSIONS = YES;
				CLANG_ANALYZER_NONNULL = YES;
				CLANG_ANALYZER_NUMBER_OBJECT_CONVERSION = YES_AGGRESSIVE;
				CLANG_CXX_LANGUAGE_STANDARD = "gnu++20";
				CLANG_ENABLE_MODULES = YES;
				CLANG_ENABLE_OBJC_ARC = YES;
				CLANG_ENABLE_OBJC_WEAK = YES;
				CLANG_WARN_BLOCK_CAPTURE_AUTORELEASING = YES;
				CLANG_WARN_BOOL_CONVERSION = YES;
				CLANG_WARN_COMMA = YES;
				CLANG_WARN_CONSTANT_CONVERSION = YES;
				CLANG_WARN_DEPRECATED_OBJC_IMPLEMENTATIONS = YES;
				CLANG_WARN_DIRECT_OBJC_ISA_USAGE = YES_ERROR;
				CLANG_WARN_DOCUMENTATION_COMMENTS = YES;
				CLANG_WARN_EMPTY_BODY = YES;
				CLANG_WARN_ENUM_CONVERSION = YES;
				CLANG_WARN_INFINITE_RECURSION = YES;
				CLANG_WARN_INT_CONVERSION = YES;
				CLANG_WARN_NON_LITERAL_NULL_CONVERSION = YES;
				CLANG_WARN_OBJC_IMPLICIT_RETAIN_SELF = YES;
				CLANG_WARN_OBJC_LITERAL_CONVERSION = YES;
				CLANG_WARN_OBJC_ROOT_CLASS = YES_ERROR;
				CLANG_WARN_QUOTED_INCLUDE_IN_FRAMEWORK_HEADER = YES;
				CLANG_WARN_RANGE_LOOP_ANALYSIS = YES;
				CLANG_WARN_STRICT_PROTOTYPES = YES;
				CLANG_WARN_SUSPICIOUS_MOVE = YES;
				CLANG_WARN_UNGUARDED_AVAILABILITY = YES_AGGRESSIVE;
				CLANG_WARN_UNREACHABLE_CODE = YES;
				CLANG_WARN__DUPLICATE_METHOD_MATCH = YES;
				COPY_PHASE_STRIP = NO;
				DEBUG_INFORMATION_FORMAT = dwarf;
				ENABLE_STRICT_OBJC_MSGSEND = YES;
				ENABLE_TESTABILITY = YES;
				ENABLE_USER_SCRIPT_SANDBOXING = YES;
				GCC_C_LANGUAGE_STANDARD = gnu17;
				GCC_DYNAMIC_NO_PIC = NO;
				GCC_NO_COMMON_BLOCKS = YES;
				GCC_OPTIMIZATION_LEVEL = 0;
				GCC_PREPROCESSOR_DEFINITIONS = (
					"DEBUG=1",
					"$(inherited)",
				);
				GCC_WARN_64_TO_32_BIT_CONVERSION = YES;
				GCC_WARN_ABOUT_RETURN_TYPE = YES_ERROR;
				GCC_WARN_UNDECLARED_SELECTOR = YES;
				GCC_WARN_UNINITIALIZED_AUTOS = YES_AGGRESSIVE;
				GCC_WARN_UNUSED_FUNCTION = YES;
				GCC_WARN_UNUSED_VARIABLE = YES;
				IPHONEOS_DEPLOYMENT_TARGET = 17.5;
				LOCALIZATION_PREFERS_STRING_CATALOGS = YES;
				MTL_ENABLE_DEBUG_INFO = INCLUDE_SOURCE;
				MTL_FAST_MATH = YES;
				ONLY_ACTIVE_ARCH = YES;
				SDKROOT = iphoneos;
				SWIFT_ACTIVE_COMPILATION_CONDITIONS = "DEBUG $(inherited)";
				SWIFT_OPTIMIZATION_LEVEL = "-Onone";
			};
			name = Debug;
		};
		666F49E62CAEDF7C00D2469F /* Release */ = {
			isa = XCBuildConfiguration;
			buildSettings = {
				ALWAYS_SEARCH_USER_PATHS = NO;
				ASSETCATALOG_COMPILER_GENERATE_SWIFT_ASSET_SYMBOL_EXTENSIONS = YES;
				CLANG_ANALYZER_NONNULL = YES;
				CLANG_ANALYZER_NUMBER_OBJECT_CONVERSION = YES_AGGRESSIVE;
				CLANG_CXX_LANGUAGE_STANDARD = "gnu++20";
				CLANG_ENABLE_MODULES = YES;
				CLANG_ENABLE_OBJC_ARC = YES;
				CLANG_ENABLE_OBJC_WEAK = YES;
				CLANG_WARN_BLOCK_CAPTURE_AUTORELEASING = YES;
				CLANG_WARN_BOOL_CONVERSION = YES;
				CLANG_WARN_COMMA = YES;
				CLANG_WARN_CONSTANT_CONVERSION = YES;
				CLANG_WARN_DEPRECATED_OBJC_IMPLEMENTATIONS = YES;
				CLANG_WARN_DIRECT_OBJC_ISA_USAGE = YES_ERROR;
				CLANG_WARN_DOCUMENTATION_COMMENTS = YES;
				CLANG_WARN_EMPTY_BODY = YES;
				CLANG_WARN_ENUM_CONVERSION = YES;
				CLANG_WARN_INFINITE_RECURSION = YES;
				CLANG_WARN_INT_CONVERSION = YES;
				CLANG_WARN_NON_LITERAL_NULL_CONVERSION = YES;
				CLANG_WARN_OBJC_IMPLICIT_RETAIN_SELF = YES;
				CLANG_WARN_OBJC_LITERAL_CONVERSION = YES;
				CLANG_WARN_OBJC_ROOT_CLASS = YES_ERROR;
				CLANG_WARN_QUOTED_INCLUDE_IN_FRAMEWORK_HEADER = YES;
				CLANG_WARN_RANGE_LOOP_ANALYSIS = YES;
				CLANG_WARN_STRICT_PROTOTYPES = YES;
				CLANG_WARN_SUSPICIOUS_MOVE = YES;
				CLANG_WARN_UNGUARDED_AVAILABILITY = YES_AGGRESSIVE;
				CLANG_WARN_UNREACHABLE_CODE = YES;
				CLANG_WARN__DUPLICATE_METHOD_MATCH = YES;
				COPY_PHASE_STRIP = NO;
				DEBUG_INFORMATION_FORMAT = "dwarf-with-dsym";
				ENABLE_NS_ASSERTIONS = NO;
				ENABLE_STRICT_OBJC_MSGSEND = YES;
				ENABLE_USER_SCRIPT_SANDBOXING = YES;
				GCC_C_LANGUAGE_STANDARD = gnu17;
				GCC_NO_COMMON_BLOCKS = YES;
				GCC_WARN_64_TO_32_BIT_CONVERSION = YES;
				GCC_WARN_ABOUT_RETURN_TYPE = YES_ERROR;
				GCC_WARN_UNDECLARED_SELECTOR = YES;
				GCC_WARN_UNINITIALIZED_AUTOS = YES_AGGRESSIVE;
				GCC_WARN_UNUSED_FUNCTION = YES;
				GCC_WARN_UNUSED_VARIABLE = YES;
				IPHONEOS_DEPLOYMENT_TARGET = 17.5;
				LOCALIZATION_PREFERS_STRING_CATALOGS = YES;
				MTL_ENABLE_DEBUG_INFO = NO;
				MTL_FAST_MATH = YES;
				SDKROOT = iphoneos;
				SWIFT_COMPILATION_MODE = wholemodule;
				VALIDATE_PRODUCT = YES;
			};
			name = Release;
		};
		666F49E82CAEDF7C00D2469F /* Debug */ = {
			isa = XCBuildConfiguration;
			buildSettings = {
				CODE_SIGN_STYLE = Automatic;
				DEVELOPMENT_TEAM = VW2UR5Y845;
				OTHER_LDFLAGS = "-ObjC";
				PRODUCT_NAME = "$(TARGET_NAME)";
				SKIP_INSTALL = YES;
				SWIFT_VERSION = 5.0;
				TARGETED_DEVICE_FAMILY = "1,2";
			};
			name = Debug;
		};
		666F49E92CAEDF7C00D2469F /* Release */ = {
			isa = XCBuildConfiguration;
			buildSettings = {
				CODE_SIGN_STYLE = Automatic;
				DEVELOPMENT_TEAM = VW2UR5Y845;
				OTHER_LDFLAGS = "-ObjC";
				PRODUCT_NAME = "$(TARGET_NAME)";
				SKIP_INSTALL = YES;
				SWIFT_VERSION = 5.0;
				TARGETED_DEVICE_FAMILY = "1,2";
			};
			name = Release;
		};
/* End XCBuildConfiguration section */

/* Begin XCConfigurationList section */
		666F49DB2CAEDF7C00D2469F /* Build configuration list for PBXProject "Swiftly" */ = {
			isa = XCConfigurationList;
			buildConfigurations = (
				666F49E52CAEDF7C00D2469F /* Debug */,
				666F49E62CAEDF7C00D2469F /* Release */,
			);
			defaultConfigurationIsVisible = 0;
			defaultConfigurationName = Release;
		};
		666F49E72CAEDF7C00D2469F /* Build configuration list for PBXNativeTarget "Swiftly" */ = {
			isa = XCConfigurationList;
			buildConfigurations = (
				666F49E82CAEDF7C00D2469F /* Debug */,
				666F49E92CAEDF7C00D2469F /* Release */,
			);
			defaultConfigurationIsVisible = 0;
			defaultConfigurationName = Release;
		};
/* End XCConfigurationList section */
	};
	rootObject = 666F49D82CAEDF7C00D2469F /* Project object */;
}
